
Microsoft Visual Studio Solution File, Format Version 12.00
# Visual Studio Version 16
VisualStudioVersion = 16.0.31424.327
MinimumVisualStudioVersion = 10.0.40219.1
Project("{FAE04EC0-301F-11D3-BF4B-00C04F79EFBC}") = "OnlineTicariOtomasyon", "OnlineTicariOtomasyon\OnlineTicariOtomasyon.csproj", "{7665A7F8-F99E-401D-9CD3-C4DA2643B0C0}"
EndProject
Global
	GlobalSection(SolutionConfigurationPlatforms) = preSolution
		Debug|Any CPU = Debug|Any CPU
		Release|Any CPU = Release|Any CPU
	EndGlobalSection
	GlobalSection(ProjectConfigurationPlatforms) = postSolution
		{7665A7F8-F99E-401D-9CD3-C4DA2643B0C0}.Debug|Any CPU.ActiveCfg = Debug|Any CPU
		{7665A7F8-F99E-401D-9CD3-C4DA2643B0C0}.Debug|Any CPU.Build.0 = Debug|Any CPU
		{7665A7F8-F99E-401D-9CD3-C4DA2643B0C0}.Release|Any CPU.ActiveCfg = Release|Any CPU
		{7665A7F8-F99E-401D-9CD3-C4DA2643B0C0}.Release|Any CPU.Build.0 = Release|Any CPU
	EndGlobalSection
	GlobalSection(SolutionProperties) = preSolution
		HideSolutionNode = FALSE
	EndGlobalSection
	GlobalSection(ExtensibilityGlobals) = postSolution
		SolutionGuid = {64A2E40C-2B7C-4F51-9CB9-16703D958851}
	EndGlobalSection
EndGlobal
